
Microsoft Visual Studio Solution File, Format Version 12.00
# Visual Studio 15
VisualStudioVersion = 15.0.27703.2042
MinimumVisualStudioVersion = 10.0.40219.1
Project("{FAE04EC0-301F-11D3-BF4B-00C04F79EFBC}") = "SOFT152 Assignment", "SOFT152 Assignment\SOFT152 Assignment.csproj", "{24EB1E32-C588-45BC-B0C8-1A83324F2337}"
EndProject
Global
	GlobalSection(SolutionConfigurationPlatforms) = preSolution
		Debug|Any CPU = Debug|Any CPU
		Release|Any CPU = Release|Any CPU
	EndGlobalSection
	GlobalSection(ProjectConfigurationPlatforms) = postSolution
		{24EB1E32-C588-45BC-B0C8-1A83324F2337}.Debug|Any CPU.ActiveCfg = Debug|Any CPU
		{24EB1E32-C588-45BC-B0C8-1A83324F2337}.Debug|Any CPU.Build.0 = Debug|Any CPU
		{24EB1E32-C588-45BC-B0C8-1A83324F2337}.Release|Any CPU.ActiveCfg = Release|Any CPU
		{24EB1E32-C588-45BC-B0C8-1A83324F2337}.Release|Any CPU.Build.0 = Release|Any CPU
	EndGlobalSection
	GlobalSection(SolutionProperties) = preSolution
		HideSolutionNode = FALSE
	EndGlobalSection
	GlobalSection(ExtensibilityGlobals) = postSolution
		SolutionGuid = {F1507649-BDCA-42E4-8249-0DA69D3886FC}
	EndGlobalSection
EndGlobal
